// !$*UTF8*$!
{
	archiveVersion = 1;
	classes = {
	};
	objectVersion = 50;
	objects = {

/* Begin PBXBuildFile section */
		0A44670F22DCC762000326C5 /* FlowerClassifier 1.mlmodel in Sources */ = {isa = PBXBuildFile; fileRef = 0A44670E22DCC762000326C5 /* FlowerClassifier 1.mlmodel */; };
		0A6046FB22D90A8B001DF529 /* AppDelegate.swift in Sources */ = {isa = PBXBuildFile; fileRef = 0A6046FA22D90A8B001DF529 /* AppDelegate.swift */; };
		0A6046FD22D90A8B001DF529 /* SceneDelegate.swift in Sources */ = {isa = PBXBuildFile; fileRef = 0A6046FC22D90A8B001DF529 /* SceneDelegate.swift */; };
		0A6046FF22D90A8B001DF529 /* ContentView.swift in Sources */ = {isa = PBXBuildFile; fileRef = 0A6046FE22D90A8B001DF529 /* ContentView.swift */; };
		0A60470122D90A90001DF529 /* Assets.xcassets in Resources */ = {isa = PBXBuildFile; fileRef = 0A60470022D90A90001DF529 /* Assets.xcassets */; };
		0A60470422D90A90001DF529 /* Preview Assets.xcassets in Resources */ = {isa = PBXBuildFile; fileRef = 0A60470322D90A90001DF529 /* Preview Assets.xcassets */; };
		0A60470722D90A90001DF529 /* LaunchScreen.storyboard in Resources */ = {isa = PBXBuildFile; fileRef = 0A60470522D90A90001DF529 /* LaunchScreen.storyboard */; };
		0A60471222D90A90001DF529 /* FlowerPowerTests.swift in Sources */ = {isa = PBXBuildFile; fileRef = 0A60471122D90A90001DF529 /* FlowerPowerTests.swift */; };
		0A60471D22D90A90001DF529 /* FlowerPowerUITests.swift in Sources */ = {isa = PBXBuildFile; fileRef = 0A60471C22D90A90001DF529 /* FlowerPowerUITests.swift */; };
		0A60472B22D90C46001DF529 /* TestFlower.swift in Sources */ = {isa = PBXBuildFile; fileRef = 0A60472A22D90C46001DF529 /* TestFlower.swift */; };
		0A60472D22D90F93001DF529 /* FlowerDetail.swift in Sources */ = {isa = PBXBuildFile; fileRef = 0A60472C22D90F93001DF529 /* FlowerDetail.swift */; };
/* End PBXBuildFile section */

/* Begin PBXContainerItemProxy section */
		0A60470E22D90A90001DF529 /* PBXContainerItemProxy */ = {
			isa = PBXContainerItemProxy;
			containerPortal = 0A6046EF22D90A8B001DF529 /* Project object */;
			proxyType = 1;
			remoteGlobalIDString = 0A6046F622D90A8B001DF529;
			remoteInfo = FlowerPower;
		};
		0A60471922D90A90001DF529 /* PBXContainerItemProxy */ = {
			isa = PBXContainerItemProxy;
			containerPortal = 0A6046EF22D90A8B001DF529 /* Project object */;
			proxyType = 1;
			remoteGlobalIDString = 0A6046F622D90A8B001DF529;
			remoteInfo = FlowerPower;
		};
/* End PBXContainerItemProxy section */

/* Begin PBXFileReference section */
		0A44670E22DCC762000326C5 /* FlowerClassifier 1.mlmodel */ = {isa = PBXFileReference; lastKnownFileType = file.mlmodel; path = "FlowerClassifier 1.mlmodel"; sourceTree = "<group>"; };
		0A6046F722D90A8B001DF529 /* FlowerPower.app */ = {isa = PBXFileReference; explicitFileType = wrapper.application; includeInIndex = 0; path = FlowerPower.app; sourceTree = BUILT_PRODUCTS_DIR; };
		0A6046FA22D90A8B001DF529 /* AppDelegate.swift */ = {isa = PBXFileReference; lastKnownFileType = sourcecode.swift; path = AppDelegate.swift; sourceTree = "<group>"; };
		0A6046FC22D90A8B001DF529 /* SceneDelegate.swift */ = {isa = PBXFileReference; lastKnownFileType = sourcecode.swift; path = SceneDelegate.swift; sourceTree = "<group>"; };
		0A6046FE22D90A8B001DF529 /* ContentView.swift */ = {isa = PBXFileReference; lastKnownFileType = sourcecode.swift; path = ContentView.swift; sourceTree = "<group>"; };
		0A60470022D90A90001DF529 /* Assets.xcassets */ = {isa = PBXFileReference; lastKnownFileType = folder.assetcatalog; path = Assets.xcassets; sourceTree = "<group>"; };
		0A60470322D90A90001DF529 /* Preview Assets.xcassets */ = {isa = PBXFileReference; lastKnownFileType = folder.assetcatalog; path = "Preview Assets.xcassets"; sourceTree = "<group>"; };
		0A60470622D90A90001DF529 /* Base */ = {isa = PBXFileReference; lastKnownFileType = file.storyboard; name = Base; path = Base.lproj/LaunchScreen.storyboard; sourceTree = "<group>"; };
		0A60470822D90A90001DF529 /* Info.plist */ = {isa = PBXFileReference; lastKnownFileType = text.plist.xml; path = Info.plist; sourceTree = "<group>"; };
		0A60470D22D90A90001DF529 /* FlowerPowerTests.xctest */ = {isa = PBXFileReference; explicitFileType = wrapper.cfbundle; includeInIndex = 0; path = FlowerPowerTests.xctest; sourceTree = BUILT_PRODUCTS_DIR; };
		0A60471122D90A90001DF529 /* FlowerPowerTests.swift */ = {isa = PBXFileReference; lastKnownFileType = sourcecode.swift; path = FlowerPowerTests.swift; sourceTree = "<group>"; };
		0A60471322D90A90001DF529 /* Info.plist */ = {isa = PBXFileReference; lastKnownFileType = text.plist.xml; path = Info.plist; sourceTree = "<group>"; };
		0A60471822D90A90001DF529 /* FlowerPowerUITests.xctest */ = {isa = PBXFileReference; explicitFileType = wrapper.cfbundle; includeInIndex = 0; path = FlowerPowerUITests.xctest; sourceTree = BUILT_PRODUCTS_DIR; };
		0A60471C22D90A90001DF529 /* FlowerPowerUITests.swift */ = {isa = PBXFileReference; lastKnownFileType = sourcecode.swift; path = FlowerPowerUITests.swift; sourceTree = "<group>"; };
		0A60471E22D90A90001DF529 /* Info.plist */ = {isa = PBXFileReference; lastKnownFileType = text.plist.xml; path = Info.plist; sourceTree = "<group>"; };
		0A60472A22D90C46001DF529 /* TestFlower.swift */ = {isa = PBXFileReference; lastKnownFileType = sourcecode.swift; path = TestFlower.swift; sourceTree = "<group>"; };
		0A60472C22D90F93001DF529 /* FlowerDetail.swift */ = {isa = PBXFileReference; lastKnownFileType = sourcecode.swift; path = FlowerDetail.swift; sourceTree = "<group>"; };
/* End PBXFileReference section */

/* Begin PBXFrameworksBuildPhase section */
		0A6046F422D90A8B001DF529 /* Frameworks */ = {
			isa = PBXFrameworksBuildPhase;
			buildActionMask = 2147483647;
			files = (
			);
			runOnlyForDeploymentPostprocessing = 0;
		};
		0A60470A22D90A90001DF529 /* Frameworks */ = {
			isa = PBXFrameworksBuildPhase;
			buildActionMask = 2147483647;
			files = (
			);
			runOnlyForDeploymentPostprocessing = 0;
		};
		0A60471522D90A90001DF529 /* Frameworks */ = {
			isa = PBXFrameworksBuildPhase;
			buildActionMask = 2147483647;
			files = (
			);
			runOnlyForDeploymentPostprocessing = 0;
		};
/* End PBXFrameworksBuildPhase section */

/* Begin PBXGroup section */
		0A6046EE22D90A8B001DF529 = {
			isa = PBXGroup;
			children = (
				0A6046F922D90A8B001DF529 /* FlowerPower */,
				0A60471022D90A90001DF529 /* FlowerPowerTests */,
				0A60471B22D90A90001DF529 /* FlowerPowerUITests */,
				0A6046F822D90A8B001DF529 /* Products */,
			);
			sourceTree = "<group>";
		};
		0A6046F822D90A8B001DF529 /* Products */ = {
			isa = PBXGroup;
			children = (
				0A6046F722D90A8B001DF529 /* FlowerPower.app */,
				0A60470D22D90A90001DF529 /* FlowerPowerTests.xctest */,
				0A60471822D90A90001DF529 /* FlowerPowerUITests.xctest */,
			);
			name = Products;
			sourceTree = "<group>";
		};
		0A6046F922D90A8B001DF529 /* FlowerPower */ = {
			isa = PBXGroup;
			children = (
				0A44670E22DCC762000326C5 /* FlowerClassifier 1.mlmodel */,
				0A6046FA22D90A8B001DF529 /* AppDelegate.swift */,
				0A6046FC22D90A8B001DF529 /* SceneDelegate.swift */,
				0A6046FE22D90A8B001DF529 /* ContentView.swift */,
				0A60470022D90A90001DF529 /* Assets.xcassets */,
				0A60470522D90A90001DF529 /* LaunchScreen.storyboard */,
				0A60470822D90A90001DF529 /* Info.plist */,
				0A60470222D90A90001DF529 /* Preview Content */,
				0A60472A22D90C46001DF529 /* TestFlower.swift */,
				0A60472C22D90F93001DF529 /* FlowerDetail.swift */,
			);
			path = FlowerPower;
			sourceTree = "<group>";
		};
		0A60470222D90A90001DF529 /* Preview Content */ = {
			isa = PBXGroup;
			children = (
				0A60470322D90A90001DF529 /* Preview Assets.xcassets */,
			);
			path = "Preview Content";
			sourceTree = "<group>";
		};
		0A60471022D90A90001DF529 /* FlowerPowerTests */ = {
			isa = PBXGroup;
			children = (
				0A60471122D90A90001DF529 /* FlowerPowerTests.swift */,
				0A60471322D90A90001DF529 /* Info.plist */,
			);
			path = FlowerPowerTests;
			sourceTree = "<group>";
		};
		0A60471B22D90A90001DF529 /* FlowerPowerUITests */ = {
			isa = PBXGroup;
			children = (
				0A60471C22D90A90001DF529 /* FlowerPowerUITests.swift */,
				0A60471E22D90A90001DF529 /* Info.plist */,
			);
			path = FlowerPowerUITests;
			sourceTree = "<group>";
		};
/* End PBXGroup section */

/* Begin PBXNativeTarget section */
		0A6046F622D90A8B001DF529 /* FlowerPower */ = {
			isa = PBXNativeTarget;
			buildConfigurationList = 0A60472122D90A90001DF529 /* Build configuration list for PBXNativeTarget "FlowerPower" */;
			buildPhases = (
				0A6046F322D90A8B001DF529 /* Sources */,
				0A6046F422D90A8B001DF529 /* Frameworks */,
				0A6046F522D90A8B001DF529 /* Resources */,
			);
			buildRules = (
			);
			dependencies = (
			);
			name = FlowerPower;
			productName = FlowerPower;
			productReference = 0A6046F722D90A8B001DF529 /* FlowerPower.app */;
			productType = "com.apple.product-type.application";
		};
		0A60470C22D90A90001DF529 /* FlowerPowerTests */ = {
			isa = PBXNativeTarget;
			buildConfigurationList = 0A60472422D90A90001DF529 /* Build configuration list for PBXNativeTarget "FlowerPowerTests" */;
			buildPhases = (
				0A60470922D90A90001DF529 /* Sources */,
				0A60470A22D90A90001DF529 /* Frameworks */,
				0A60470B22D90A90001DF529 /* Resources */,
			);
			buildRules = (
			);
			dependencies = (
				0A60470F22D90A90001DF529 /* PBXTargetDependency */,
			);
			name = FlowerPowerTests;
			productName = FlowerPowerTests;
			productReference = 0A60470D22D90A90001DF529 /* FlowerPowerTests.xctest */;
			productType = "com.apple.product-type.bundle.unit-test";
		};
		0A60471722D90A90001DF529 /* FlowerPowerUITests */ = {
			isa = PBXNativeTarget;
			buildConfigurationList = 0A60472722D90A90001DF529 /* Build configuration list for PBXNativeTarget "FlowerPowerUITests" */;
			buildPhases = (
				0A60471422D90A90001DF529 /* Sources */,
				0A60471522D90A90001DF529 /* Frameworks */,
				0A60471622D90A90001DF529 /* Resources */,
			);
			buildRules = (
			);
			dependencies = (
				0A60471A22D90A90001DF529 /* PBXTargetDependency */,
			);
			name = FlowerPowerUITests;
			productName = FlowerPowerUITests;
			productReference = 0A60471822D90A90001DF529 /* FlowerPowerUITests.xctest */;
			productType = "com.apple.product-type.bundle.ui-testing";
		};
/* End PBXNativeTarget section */

/* Begin PBXProject section */
		0A6046EF22D90A8B001DF529 /* Project object */ = {
			isa = PBXProject;
			attributes = {
				LastSwiftUpdateCheck = 1100;
				LastUpgradeCheck = 1100;
				ORGANIZATIONNAME = "Daniel Bolella";
				TargetAttributes = {
					0A6046F622D90A8B001DF529 = {
						CreatedOnToolsVersion = 11.0;
					};
					0A60470C22D90A90001DF529 = {
						CreatedOnToolsVersion = 11.0;
						TestTargetID = 0A6046F622D90A8B001DF529;
					};
					0A60471722D90A90001DF529 = {
						CreatedOnToolsVersion = 11.0;
						TestTargetID = 0A6046F622D90A8B001DF529;
					};
				};
			};
			buildConfigurationList = 0A6046F222D90A8B001DF529 /* Build configuration list for PBXProject "FlowerPower" */;
			compatibilityVersion = "Xcode 9.3";
			developmentRegion = en;
			hasScannedForEncodings = 0;
			knownRegions = (
				en,
				Base,
			);
			mainGroup = 0A6046EE22D90A8B001DF529;
			productRefGroup = 0A6046F822D90A8B001DF529 /* Products */;
			projectDirPath = "";
			projectRoot = "";
			targets = (
				0A6046F622D90A8B001DF529 /* FlowerPower */,
				0A60470C22D90A90001DF529 /* FlowerPowerTests */,
				0A60471722D90A90001DF529 /* FlowerPowerUITests */,
			);
		};
/* End PBXProject section */

/* Begin PBXResourcesBuildPhase section */
		0A6046F522D90A8B001DF529 /* Resources */ = {
			isa = PBXResourcesBuildPhase;
			buildActionMask = 2147483647;
			files = (
				0A60470722D90A90001DF529 /* LaunchScreen.storyboard in Resources */,
				0A60470422D90A90001DF529 /* Preview Assets.xcassets in Resources */,
				0A60470122D90A90001DF529 /* Assets.xcassets in Resources */,
			);
			runOnlyForDeploymentPostprocessing = 0;
		};
		0A60470B22D90A90001DF529 /* Resources */ = {
			isa = PBXResourcesBuildPhase;
			buildActionMask = 2147483647;
			files = (
			);
			runOnlyForDeploymentPostprocessing = 0;
		};
		0A60471622D90A90001DF529 /* Resources */ = {
			isa = PBXResourcesBuildPhase;
			buildActionMask = 2147483647;
			files = (
			);
			runOnlyForDeploymentPostprocessing = 0;
		};
/* End PBXResourcesBuildPhase section */

/* Begin PBXSourcesBuildPhase section */
		0A6046F322D90A8B001DF529 /* Sources */ = {
			isa = PBXSourcesBuildPhase;
			buildActionMask = 2147483647;
			files = (
				0A6046FB22D90A8B001DF529 /* AppDelegate.swift in Sources */,
				0A44670F22DCC762000326C5 /* FlowerClassifier 1.mlmodel in Sources */,
				0A6046FD22D90A8B001DF529 /* SceneDelegate.swift in Sources */,
				0A60472B22D90C46001DF529 /* TestFlower.swift in Sources */,
				0A60472D22D90F93001DF529 /* FlowerDetail.swift in Sources */,
				0A6046FF22D90A8B001DF529 /* ContentView.swift in Sources */,
			);
			runOnlyForDeploymentPostprocessing = 0;
		};
		0A60470922D90A90001DF529 /* Sources */ = {
			isa = PBXSourcesBuildPhase;
			buildActionMask = 2147483647;
			files = (
				0A60471222D90A90001DF529 /* FlowerPowerTests.swift in Sources */,
			);
			runOnlyForDeploymentPostprocessing = 0;
		};
		0A60471422D90A90001DF529 /* Sources */ = {
			isa = PBXSourcesBuildPhase;
			buildActionMask = 2147483647;
			files = (
				0A60471D22D90A90001DF529 /* FlowerPowerUITests.swift in Sources */,
			);
			runOnlyForDeploymentPostprocessing = 0;
		};
/* End PBXSourcesBuildPhase section */

/* Begin PBXTargetDependency section */
		0A60470F22D90A90001DF529 /* PBXTargetDependency */ = {
			isa = PBXTargetDependency;
			target = 0A6046F622D90A8B001DF529 /* FlowerPower */;
			targetProxy = 0A60470E22D90A90001DF529 /* PBXContainerItemProxy */;
		};
		0A60471A22D90A90001DF529 /* PBXTargetDependency */ = {
			isa = PBXTargetDependency;
			target = 0A6046F622D90A8B001DF529 /* FlowerPower */;
			targetProxy = 0A60471922D90A90001DF529 /* PBXContainerItemProxy */;
		};
/* End PBXTargetDependency section */

/* Begin PBXVariantGroup section */
		0A60470522D90A90001DF529 /* LaunchScreen.storyboard */ = {
			isa = PBXVariantGroup;
			children = (
				0A60470622D90A90001DF529 /* Base */,
			);
			name = LaunchScreen.storyboard;
			sourceTree = "<group>";
		};
/* End PBXVariantGroup section */

/* Begin XCBuildConfiguration section */
		0A60471F22D90A90001DF529 /* Debug */ = {
			isa = XCBuildConfiguration;
			buildSettings = {
				ALWAYS_SEARCH_USER_PATHS = NO;
				CLANG_ANALYZER_NONNULL = YES;
				CLANG_ANALYZER_NUMBER_OBJECT_CONVERSION = YES_AGGRESSIVE;
				CLANG_CXX_LANGUAGE_STANDARD = "gnu++14";
				CLANG_CXX_LIBRARY = "libc++";
				CLANG_ENABLE_MODULES = YES;
				CLANG_ENABLE_OBJC_ARC = YES;
				CLANG_ENABLE_OBJC_WEAK = YES;
				CLANG_WARN_BLOCK_CAPTURE_AUTORELEASING = YES;
				CLANG_WARN_BOOL_CONVERSION = YES;
				CLANG_WARN_COMMA = YES;
				CLANG_WARN_CONSTANT_CONVERSION = YES;
				CLANG_WARN_DEPRECATED_OBJC_IMPLEMENTATIONS = YES;
				CLANG_WARN_DIRECT_OBJC_ISA_USAGE = YES_ERROR;
				CLANG_WARN_DOCUMENTATION_COMMENTS = YES;
				CLANG_WARN_EMPTY_BODY = YES;
				CLANG_WARN_ENUM_CONVERSION = YES;
				CLANG_WARN_INFINITE_RECURSION = YES;
				CLANG_WARN_INT_CONVERSION = YES;
				CLANG_WARN_NON_LITERAL_NULL_CONVERSION = YES;
				CLANG_WARN_OBJC_IMPLICIT_RETAIN_SELF = YES;
				CLANG_WARN_OBJC_LITERAL_CONVERSION = YES;
				CLANG_WARN_OBJC_ROOT_CLASS = YES_ERROR;
				CLANG_WARN_RANGE_LOOP_ANALYSIS = YES;
				CLANG_WARN_STRICT_PROTOTYPES = YES;
				CLANG_WARN_SUSPICIOUS_MOVE = YES;
				CLANG_WARN_UNGUARDED_AVAILABILITY = YES_AGGRESSIVE;
				CLANG_WARN_UNREACHABLE_CODE = YES;
				CLANG_WARN__DUPLICATE_METHOD_MATCH = YES;
				COPY_PHASE_STRIP = NO;
				DEBUG_INFORMATION_FORMAT = dwarf;
				ENABLE_STRICT_OBJC_MSGSEND = YES;
				ENABLE_TESTABILITY = YES;
				GCC_C_LANGUAGE_STANDARD = gnu11;
				GCC_DYNAMIC_NO_PIC = NO;
				GCC_NO_COMMON_BLOCKS = YES;
				GCC_OPTIMIZATION_LEVEL = 0;
				GCC_PREPROCESSOR_DEFINITIONS = (
					"DEBUG=1",
					"$(inherited)",
				);
				GCC_WARN_64_TO_32_BIT_CONVERSION = YES;
				GCC_WARN_ABOUT_RETURN_TYPE = YES_ERROR;
				GCC_WARN_UNDECLARED_SELECTOR = YES;
				GCC_WARN_UNINITIALIZED_AUTOS = YES_AGGRESSIVE;
				GCC_WARN_UNUSED_FUNCTION = YES;
				GCC_WARN_UNUSED_VARIABLE = YES;
				IPHONEOS_DEPLOYMENT_TARGET = 13.0;
				MTL_ENABLE_DEBUG_INFO = INCLUDE_SOURCE;
				MTL_FAST_MATH = YES;
				ONLY_ACTIVE_ARCH = YES;
				SDKROOT = iphoneos;
				SWIFT_ACTIVE_COMPILATION_CONDITIONS = DEBUG;
				SWIFT_OPTIMIZATION_LEVEL = "-Onone";
			};
			name = Debug;
		};
		0A60472022D90A90001DF529 /* Release */ = {
			isa = XCBuildConfiguration;
			buildSettings = {
				ALWAYS_SEARCH_USER_PATHS = NO;
				CLANG_ANALYZER_NONNULL = YES;
				CLANG_ANALYZER_NUMBER_OBJECT_CONVERSION = YES_AGGRESSIVE;
				CLANG_CXX_LANGUAGE_STANDARD = "gnu++14";
				CLANG_CXX_LIBRARY = "libc++";
				CLANG_ENABLE_MODULES = YES;
				CLANG_ENABLE_OBJC_ARC = YES;
				CLANG_ENABLE_OBJC_WEAK = YES;
				CLANG_WARN_BLOCK_CAPTURE_AUTORELEASING = YES;
				CLANG_WARN_BOOL_CONVERSION = YES;
				CLANG_WARN_COMMA = YES;
				CLANG_WARN_CONSTANT_CONVERSION = YES;
				CLANG_WARN_DEPRECATED_OBJC_IMPLEMENTATIONS = YES;
				CLANG_WARN_DIRECT_OBJC_ISA_USAGE = YES_ERROR;
				CLANG_WARN_DOCUMENTATION_COMMENTS = YES;
				CLANG_WARN_EMPTY_BODY = YES;
				CLANG_WARN_ENUM_CONVERSION = YES;
				CLANG_WARN_INFINITE_RECURSION = YES;
				CLANG_WARN_INT_CONVERSION = YES;
				CLANG_WARN_NON_LITERAL_NULL_CONVERSION = YES;
				CLANG_WARN_OBJC_IMPLICIT_RETAIN_SELF = YES;
				CLANG_WARN_OBJC_LITERAL_CONVERSION = YES;
				CLANG_WARN_OBJC_ROOT_CLASS = YES_ERROR;
				CLANG_WARN_RANGE_LOOP_ANALYSIS = YES;
				CLANG_WARN_STRICT_PROTOTYPES = YES;
				CLANG_WARN_SUSPICIOUS_MOVE = YES;
				CLANG_WARN_UNGUARDED_AVAILABILITY = YES_AGGRESSIVE;
				CLANG_WARN_UNREACHABLE_CODE = YES;
				CLANG_WARN__DUPLICATE_METHOD_MATCH = YES;
				COPY_PHASE_STRIP = NO;
				DEBUG_INFORMATION_FORMAT = "dwarf-with-dsym";
				ENABLE_NS_ASSERTIONS = NO;
				ENABLE_STRICT_OBJC_MSGSEND = YES;
				GCC_C_LANGUAGE_STANDARD = gnu11;
				GCC_NO_COMMON_BLOCKS = YES;
				GCC_WARN_64_TO_32_BIT_CONVERSION = YES;
				GCC_WARN_ABOUT_RETURN_TYPE = YES_ERROR;
				GCC_WARN_UNDECLARED_SELECTOR = YES;
				GCC_WARN_UNINITIALIZED_AUTOS = YES_AGGRESSIVE;
				GCC_WARN_UNUSED_FUNCTION = YES;
				GCC_WARN_UNUSED_VARIABLE = YES;
				IPHONEOS_DEPLOYMENT_TARGET = 13.0;
				MTL_ENABLE_DEBUG_INFO = NO;
				MTL_FAST_MATH = YES;
				SDKROOT = iphoneos;
				SWIFT_COMPILATION_MODE = wholemodule;
				SWIFT_OPTIMIZATION_LEVEL = "-O";
				VALIDATE_PRODUCT = YES;
			};
			name = Release;
		};
		0A60472222D90A90001DF529 /* Debug */ = {
			isa = XCBuildConfiguration;
			buildSettings = {
				ASSETCATALOG_COMPILER_APPICON_NAME = AppIcon;
				CODE_SIGN_STYLE = Automatic;
				DEVELOPMENT_ASSET_PATHS = "FlowerPower/Preview\\ Content";
				DEVELOPMENT_TEAM = 34SV2497XG;
				ENABLE_PREVIEWS = YES;
				INFOPLIST_FILE = FlowerPower/Info.plist;
				IPHONEOS_DEPLOYMENT_TARGET = 13.0;
				LD_RUNPATH_SEARCH_PATHS = (
					"$(inherited)",
					"@executable_path/Frameworks",
				);
				PRODUCT_BUNDLE_IDENTIFIER = com.bolella.FlowerPower;
				PRODUCT_NAME = "$(TARGET_NAME)";
				SWIFT_VERSION = 5.0;
				TARGETED_DEVICE_FAMILY = "1,2";
			};
			name = Debug;
		};
		0A60472322D90A90001DF529 /* Release */ = {
			isa = XCBuildConfiguration;
			buildSettings = {
				ASSETCATALOG_COMPILER_APPICON_NAME = AppIcon;
				CODE_SIGN_STYLE = Automatic;
				DEVELOPMENT_ASSET_PATHS = "FlowerPower/Preview\\ Content";
				DEVELOPMENT_TEAM = 34SV2497XG;
				ENABLE_PREVIEWS = YES;
				INFOPLIST_FILE = FlowerPower/Info.plist;
				IPHONEOS_DEPLOYMENT_TARGET = 13.0;
				LD_RUNPATH_SEARCH_PATHS = (
					"$(inherited)",
					"@executable_path/Frameworks",
				);
				PRODUCT_BUNDLE_IDENTIFIER = com.bolella.FlowerPower;
				PRODUCT_NAME = "$(TARGET_NAME)";
				SWIFT_VERSION = 5.0;
				TARGETED_DEVICE_FAMILY = "1,2";
			};
			name = Release;
		};
		0A60472522D90A90001DF529 /* Debug */ = {
			isa = XCBuildConfiguration;
			buildSettings = {
				ALWAYS_EMBED_SWIFT_STANDARD_LIBRARIES = YES;
				BUNDLE_LOADER = "$(TEST_HOST)";
				CODE_SIGN_STYLE = Automatic;
				DEVELOPMENT_TEAM = 34SV2497XG;
				INFOPLIST_FILE = FlowerPowerTests/Info.plist;
				LD_RUNPATH_SEARCH_PATHS = (
					"$(inherited)",
					"@executable_path/Frameworks",
					"@loader_path/Frameworks",
				);
				PRODUCT_BUNDLE_IDENTIFIER = com.bolella.FlowerPowerTests;
				PRODUCT_NAME = "$(TARGET_NAME)";
				SWIFT_VERSION = 5.0;
				TARGETED_DEVICE_FAMILY = "1,2";
				TEST_HOST = "$(BUILT_PRODUCTS_DIR)/FlowerPower.app/FlowerPower";
			};
			name = Debug;
		};
		0A60472622D90A90001DF529 /* Release */ = {
			isa = XCBuildConfiguration;
			buildSettings = {
				ALWAYS_EMBED_SWIFT_STANDARD_LIBRARIES = YES;
				BUNDLE_LOADER = "$(TEST_HOST)";
				CODE_SIGN_STYLE = Automatic;
				DEVELOPMENT_TEAM = 34SV2497XG;
				INFOPLIST_FILE = FlowerPowerTests/Info.plist;
				LD_RUNPATH_SEARCH_PATHS = (
					"$(inherited)",
					"@executable_path/Frameworks",
					"@loader_path/Frameworks",
				);
				PRODUCT_BUNDLE_IDENTIFIER = com.bolella.FlowerPowerTests;
				PRODUCT_NAME = "$(TARGET_NAME)";
				SWIFT_VERSION = 5.0;
				TARGETED_DEVICE_FAMILY = "1,2";
				TEST_HOST = "$(BUILT_PRODUCTS_DIR)/FlowerPower.app/FlowerPower";
			};
			name = Release;
		};
		0A60472822D90A90001DF529 /* Debug */ = {
			isa = XCBuildConfiguration;
			buildSettings = {
				ALWAYS_EMBED_SWIFT_STANDARD_LIBRARIES = YES;
				CODE_SIGN_STYLE = Automatic;
				DEVELOPMENT_TEAM = 34SV2497XG;
				INFOPLIST_FILE = FlowerPowerUITests/Info.plist;
				LD_RUNPATH_SEARCH_PATHS = (
					"$(inherited)",
					"@executable_path/Frameworks",
					"@loader_path/Frameworks",
				);
				PRODUCT_BUNDLE_IDENTIFIER = com.bolella.FlowerPowerUITests;
				PRODUCT_NAME = "$(TARGET_NAME)";
				SWIFT_VERSION = 5.0;
				TARGETED_DEVICE_FAMILY = "1,2";
				TEST_TARGET_NAME = FlowerPower;
			};
			name = Debug;
		};
		0A60472922D90A90001DF529 /* Release */ = {
			isa = XCBuildConfiguration;
			buildSettings = {
				ALWAYS_EMBED_SWIFT_STANDARD_LIBRARIES = YES;
				CODE_SIGN_STYLE = Automatic;
				DEVELOPMENT_TEAM = 34SV2497XG;
				INFOPLIST_FILE = FlowerPowerUITests/Info.plist;
				LD_RUNPATH_SEARCH_PATHS = (
					"$(inherited)",
					"@executable_path/Frameworks",
					"@loader_path/Frameworks",
				);
				PRODUCT_BUNDLE_IDENTIFIER = com.bolella.FlowerPowerUITests;
				PRODUCT_NAME = "$(TARGET_NAME)";
				SWIFT_VERSION = 5.0;
				TARGETED_DEVICE_FAMILY = "1,2";
				TEST_TARGET_NAME = FlowerPower;
			};
			name = Release;
		};
/* End XCBuildConfiguration section */

/* Begin XCConfigurationList section */
		0A6046F222D90A8B001DF529 /* Build configuration list for PBXProject "FlowerPower" */ = {
			isa = XCConfigurationList;
			buildConfigurations = (
				0A60471F22D90A90001DF529 /* Debug */,
				0A60472022D90A90001DF529 /* Release */,
			);
			defaultConfigurationIsVisible = 0;
			defaultConfigurationName = Release;
		};
		0A60472122D90A90001DF529 /* Build configuration list for PBXNativeTarget "FlowerPower" */ = {
			isa = XCConfigurationList;
			buildConfigurations = (
				0A60472222D90A90001DF529 /* Debug */,
				0A60472322D90A90001DF529 /* Release */,
			);
			defaultConfigurationIsVisible = 0;
			defaultConfigurationName = Release;
		};
		0A60472422D90A90001DF529 /* Build configuration list for PBXNativeTarget "FlowerPowerTests" */ = {
			isa = XCConfigurationList;
			buildConfigurations = (
				0A60472522D90A90001DF529 /* Debug */,
				0A60472622D90A90001DF529 /* Release */,
			);
			defaultConfigurationIsVisible = 0;
			defaultConfigurationName = Release;
		};
		0A60472722D90A90001DF529 /* Build configuration list for PBXNativeTarget "FlowerPowerUITests" */ = {
			isa = XCConfigurationList;
			buildConfigurations = (
				0A60472822D90A90001DF529 /* Debug */,
				0A60472922D90A90001DF529 /* Release */,
			);
			defaultConfigurationIsVisible = 0;
			defaultConfigurationName = Release;
		};
/* End XCConfigurationList section */
	};
	rootObject = 0A6046EF22D90A8B001DF529 /* Project object */;
}
